
Microsoft Visual Studio Solution File, Format Version 12.00
# Visual Studio Version 17
VisualStudioVersion = 17.9.34902.65
MinimumVisualStudioVersion = 10.0.40219.1
Project("{FAE04EC0-301F-11D3-BF4B-00C04F79EFBC}") = "PetCenter", "PetCenter\PetCenter.csproj", "{74C70715-384F-40FB-80B2-72A3862B6DFA}"
EndProject
Global
	GlobalSection(SolutionConfigurationPlatforms) = preSolution
		Debug|Any CPU = Debug|Any CPU
		Release|Any CPU = Release|Any CPU
	EndGlobalSection
	GlobalSection(ProjectConfigurationPlatforms) = postSolution
		{74C70715-384F-40FB-80B2-72A3862B6DFA}.Debug|Any CPU.ActiveCfg = Debug|Any CPU
		{74C70715-384F-40FB-80B2-72A3862B6DFA}.Debug|Any CPU.Build.0 = Debug|Any CPU
		{74C70715-384F-40FB-80B2-72A3862B6DFA}.Release|Any CPU.ActiveCfg = Release|Any CPU
		{74C70715-384F-40FB-80B2-72A3862B6DFA}.Release|Any CPU.Build.0 = Release|Any CPU
	EndGlobalSection
	GlobalSection(SolutionProperties) = preSolution
		HideSolutionNode = FALSE
	EndGlobalSection
	GlobalSection(ExtensibilityGlobals) = postSolution
		SolutionGuid = {76B526D2-6070-44E8-A3A1-5457CA2EAA08}
	EndGlobalSection
EndGlobal
